
Microsoft Visual Studio Solution File, Format Version 12.00
# Visual Studio Version 17
VisualStudioVersion = 17.4.33205.214
MinimumVisualStudioVersion = 10.0.40219.1
Project("{9A19103F-16F7-4668-BE54-9A1E7A4F7556}") = "WinFormsApp1", "WinFormsApp1\WinFormsApp1.csproj", "{D419589B-C2BB-4598-9B4A-E84F6BEA31A9}"
EndProject
Global
	GlobalSection(SolutionConfigurationPlatforms) = preSolution
		Debug|Any CPU = Debug|Any CPU
		Release|Any CPU = Release|Any CPU
	EndGlobalSection
	GlobalSection(ProjectConfigurationPlatforms) = postSolution
		{D419589B-C2BB-4598-9B4A-E84F6BEA31A9}.Debug|Any CPU.ActiveCfg = Debug|Any CPU
		{D419589B-C2BB-4598-9B4A-E84F6BEA31A9}.Debug|Any CPU.Build.0 = Debug|Any CPU
		{D419589B-C2BB-4598-9B4A-E84F6BEA31A9}.Release|Any CPU.ActiveCfg = Release|Any CPU
		{D419589B-C2BB-4598-9B4A-E84F6BEA31A9}.Release|Any CPU.Build.0 = Release|Any CPU
	EndGlobalSection
	GlobalSection(SolutionProperties) = preSolution
		HideSolutionNode = FALSE
	EndGlobalSection
	GlobalSection(ExtensibilityGlobals) = postSolution
		SolutionGuid = {D476A4FB-A392-412E-97C6-789F6D136706}
	EndGlobalSection
EndGlobal
